
Microsoft Visual Studio Solution File, Format Version 12.00
# Visual Studio Version 16
VisualStudioVersion = 16.0.30204.135
MinimumVisualStudioVersion = 10.0.40219.1
Project("{FAE04EC0-301F-11D3-BF4B-00C04F79EFBC}") = "XMLFileCreation", "XMLFileCreation.csproj", "{BC5667B1-55A3-494A-9B2C-6ED036ECA6AB}"
EndProject
Global
	GlobalSection(SolutionConfigurationPlatforms) = preSolution
		Debug|Any CPU = Debug|Any CPU
		Release|Any CPU = Release|Any CPU
	EndGlobalSection
	GlobalSection(ProjectConfigurationPlatforms) = postSolution
		{BC5667B1-55A3-494A-9B2C-6ED036ECA6AB}.Debug|Any CPU.ActiveCfg = Debug|Any CPU
		{BC5667B1-55A3-494A-9B2C-6ED036ECA6AB}.Debug|Any CPU.Build.0 = Debug|Any CPU
		{BC5667B1-55A3-494A-9B2C-6ED036ECA6AB}.Release|Any CPU.ActiveCfg = Release|Any CPU
		{BC5667B1-55A3-494A-9B2C-6ED036ECA6AB}.Release|Any CPU.Build.0 = Release|Any CPU
	EndGlobalSection
	GlobalSection(SolutionProperties) = preSolution
		HideSolutionNode = FALSE
	EndGlobalSection
	GlobalSection(ExtensibilityGlobals) = postSolution
		SolutionGuid = {E18E0CDC-0EB6-482F-B4BE-255ECC5DF5D9}
	EndGlobalSection
EndGlobal
